// !$*UTF8*$!
{
	archiveVersion = 1;
	classes = {
	};
	objectVersion = 46;
	objects = {

/* Begin PBXBuildFile section */
		32C3FEA41DD5116D0051D3F2 /* main.m in Sources */ = {isa = PBXBuildFile; fileRef = 32C3FEA31DD5116D0051D3F2 /* main.m */; };
		32C3FEA71DD5116D0051D3F2 /* AppDelegate.m in Sources */ = {isa = PBXBuildFile; fileRef = 32C3FEA61DD5116D0051D3F2 /* AppDelegate.m */; };
		32C3FEAA1DD5116D0051D3F2 /* FirstViewController.m in Sources */ = {isa = PBXBuildFile; fileRef = 32C3FEA91DD5116D0051D3F2 /* FirstViewController.m */; };
		32C3FEAD1DD5116D0051D3F2 /* SecondViewController.m in Sources */ = {isa = PBXBuildFile; fileRef = 32C3FEAC1DD5116D0051D3F2 /* SecondViewController.m */; };
		32C3FEB01DD5116D0051D3F2 /* Main.storyboard in Resources */ = {isa = PBXBuildFile; fileRef = 32C3FEAE1DD5116D0051D3F2 /* Main.storyboard */; };
		32C3FEB21DD5116D0051D3F2 /* Images.xcassets in Resources */ = {isa = PBXBuildFile; fileRef = 32C3FEB11DD5116D0051D3F2 /* Images.xcassets */; };
		32C3FEBE1DD5116D0051D3F2 /* pdfmartaTests.m in Sources */ = {isa = PBXBuildFile; fileRef = 32C3FEBD1DD5116D0051D3F2 /* pdfmartaTests.m */; };
/* End PBXBuildFile section */

/* Begin PBXContainerItemProxy section */
		32C3FEB81DD5116D0051D3F2 /* PBXContainerItemProxy */ = {
			isa = PBXContainerItemProxy;
			containerPortal = 32C3FE961DD5116D0051D3F2 /* Project object */;
			proxyType = 1;
			remoteGlobalIDString = 32C3FE9D1DD5116D0051D3F2;
			remoteInfo = pdfmarta;
		};
/* End PBXContainerItemProxy section */

/* Begin PBXFileReference section */
		32C3FE9E1DD5116D0051D3F2 /* pdfmarta.app */ = {isa = PBXFileReference; explicitFileType = wrapper.application; includeInIndex = 0; path = pdfmarta.app; sourceTree = BUILT_PRODUCTS_DIR; };
		32C3FEA21DD5116D0051D3F2 /* Info.plist */ = {isa = PBXFileReference; lastKnownFileType = text.plist.xml; path = Info.plist; sourceTree = "<group>"; };
		32C3FEA31DD5116D0051D3F2 /* main.m */ = {isa = PBXFileReference; lastKnownFileType = sourcecode.c.objc; path = main.m; sourceTree = "<group>"; };
		32C3FEA51DD5116D0051D3F2 /* AppDelegate.h */ = {isa = PBXFileReference; lastKnownFileType = sourcecode.c.h; path = AppDelegate.h; sourceTree = "<group>"; };
		32C3FEA61DD5116D0051D3F2 /* AppDelegate.m */ = {isa = PBXFileReference; lastKnownFileType = sourcecode.c.objc; path = AppDelegate.m; sourceTree = "<group>"; };
		32C3FEA81DD5116D0051D3F2 /* FirstViewController.h */ = {isa = PBXFileReference; lastKnownFileType = sourcecode.c.h; path = FirstViewController.h; sourceTree = "<group>"; };
		32C3FEA91DD5116D0051D3F2 /* FirstViewController.m */ = {isa = PBXFileReference; lastKnownFileType = sourcecode.c.objc; path = FirstViewController.m; sourceTree = "<group>"; };
		32C3FEAB1DD5116D0051D3F2 /* SecondViewController.h */ = {isa = PBXFileReference; lastKnownFileType = sourcecode.c.h; path = SecondViewController.h; sourceTree = "<group>"; };
		32C3FEAC1DD5116D0051D3F2 /* SecondViewController.m */ = {isa = PBXFileReference; lastKnownFileType = sourcecode.c.objc; path = SecondViewController.m; sourceTree = "<group>"; };
		32C3FEAF1DD5116D0051D3F2 /* Base */ = {isa = PBXFileReference; lastKnownFileType = file.storyboard; name = Base; path = Base.lproj/Main.storyboard; sourceTree = "<group>"; };
		32C3FEB11DD5116D0051D3F2 /* Images.xcassets */ = {isa = PBXFileReference; lastKnownFileType = folder.assetcatalog; path = Images.xcassets; sourceTree = "<group>"; };
		32C3FEB71DD5116D0051D3F2 /* pdfmartaTests.xctest */ = {isa = PBXFileReference; explicitFileType = wrapper.cfbundle; includeInIndex = 0; path = pdfmartaTests.xctest; sourceTree = BUILT_PRODUCTS_DIR; };
		32C3FEBC1DD5116D0051D3F2 /* Info.plist */ = {isa = PBXFileReference; lastKnownFileType = text.plist.xml; path = Info.plist; sourceTree = "<group>"; };
		32C3FEBD1DD5116D0051D3F2 /* pdfmartaTests.m */ = {isa = PBXFileReference; lastKnownFileType = sourcecode.c.objc; path = pdfmartaTests.m; sourceTree = "<group>"; };
/* End PBXFileReference section */

/* Begin PBXFrameworksBuildPhase section */
		32C3FE9B1DD5116D0051D3F2 /* Frameworks */ = {
			isa = PBXFrameworksBuildPhase;
			buildActionMask = 2147483647;
			files = (
			);
			runOnlyForDeploymentPostprocessing = 0;
		};
		32C3FEB41DD5116D0051D3F2 /* Frameworks */ = {
			isa = PBXFrameworksBuildPhase;
			buildActionMask = 2147483647;
			files = (
			);
			runOnlyForDeploymentPostprocessing = 0;
		};
/* End PBXFrameworksBuildPhase section */

/* Begin PBXGroup section */
		32C3FE951DD5116D0051D3F2 = {
			isa = PBXGroup;
			children = (
				32C3FEA01DD5116D0051D3F2 /* pdfmarta */,
				32C3FEBA1DD5116D0051D3F2 /* pdfmartaTests */,
				32C3FE9F1DD5116D0051D3F2 /* Products */,
			);
			sourceTree = "<group>";
		};
		32C3FE9F1DD5116D0051D3F2 /* Products */ = {
			isa = PBXGroup;
			children = (
				32C3FE9E1DD5116D0051D3F2 /* pdfmarta.app */,
				32C3FEB71DD5116D0051D3F2 /* pdfmartaTests.xctest */,
			);
			name = Products;
			sourceTree = "<group>";
		};
		32C3FEA01DD5116D0051D3F2 /* pdfmarta */ = {
			isa = PBXGroup;
			children = (
				32C3FEA51DD5116D0051D3F2 /* AppDelegate.h */,
				32C3FEA61DD5116D0051D3F2 /* AppDelegate.m */,
				32C3FEA81DD5116D0051D3F2 /* FirstViewController.h */,
				32C3FEA91DD5116D0051D3F2 /* FirstViewController.m */,
				32C3FEAB1DD5116D0051D3F2 /* SecondViewController.h */,
				32C3FEAC1DD5116D0051D3F2 /* SecondViewController.m */,
				32C3FEAE1DD5116D0051D3F2 /* Main.storyboard */,
				32C3FEB11DD5116D0051D3F2 /* Images.xcassets */,
				32C3FEA11DD5116D0051D3F2 /* Supporting Files */,
			);
			path = pdfmarta;
			sourceTree = "<group>";
		};
		32C3FEA11DD5116D0051D3F2 /* Supporting Files */ = {
			isa = PBXGroup;
			children = (
				32C3FEA21DD5116D0051D3F2 /* Info.plist */,
				32C3FEA31DD5116D0051D3F2 /* main.m */,
			);
			name = "Supporting Files";
			sourceTree = "<group>";
		};
		32C3FEBA1DD5116D0051D3F2 /* pdfmartaTests */ = {
			isa = PBXGroup;
			children = (
				32C3FEBD1DD5116D0051D3F2 /* pdfmartaTests.m */,
				32C3FEBB1DD5116D0051D3F2 /* Supporting Files */,
			);
			path = pdfmartaTests;
			sourceTree = "<group>";
		};
		32C3FEBB1DD5116D0051D3F2 /* Supporting Files */ = {
			isa = PBXGroup;
			children = (
				32C3FEBC1DD5116D0051D3F2 /* Info.plist */,
			);
			name = "Supporting Files";
			sourceTree = "<group>";
		};
/* End PBXGroup section */

/* Begin PBXNativeTarget section */
		32C3FE9D1DD5116D0051D3F2 /* pdfmarta */ = {
			isa = PBXNativeTarget;
			buildConfigurationList = 32C3FEC11DD5116D0051D3F2 /* Build configuration list for PBXNativeTarget "pdfmarta" */;
			buildPhases = (
				32C3FE9A1DD5116D0051D3F2 /* Sources */,
				32C3FE9B1DD5116D0051D3F2 /* Frameworks */,
				32C3FE9C1DD5116D0051D3F2 /* Resources */,
			);
			buildRules = (
			);
			dependencies = (
			);
			name = pdfmarta;
			productName = pdfmarta;
			productReference = 32C3FE9E1DD5116D0051D3F2 /* pdfmarta.app */;
			productType = "com.apple.product-type.application";
		};
		32C3FEB61DD5116D0051D3F2 /* pdfmartaTests */ = {
			isa = PBXNativeTarget;
			buildConfigurationList = 32C3FEC41DD5116D0051D3F2 /* Build configuration list for PBXNativeTarget "pdfmartaTests" */;
			buildPhases = (
				32C3FEB31DD5116D0051D3F2 /* Sources */,
				32C3FEB41DD5116D0051D3F2 /* Frameworks */,
				32C3FEB51DD5116D0051D3F2 /* Resources */,
			);
			buildRules = (
			);
			dependencies = (
				32C3FEB91DD5116D0051D3F2 /* PBXTargetDependency */,
			);
			name = pdfmartaTests;
			productName = pdfmartaTests;
			productReference = 32C3FEB71DD5116D0051D3F2 /* pdfmartaTests.xctest */;
			productType = "com.apple.product-type.bundle.unit-test";
		};
/* End PBXNativeTarget section */

/* Begin PBXProject section */
		32C3FE961DD5116D0051D3F2 /* Project object */ = {
			isa = PBXProject;
			attributes = {
				LastUpgradeCheck = 0600;
				ORGANIZATIONNAME = dima;
				TargetAttributes = {
					32C3FE9D1DD5116D0051D3F2 = {
						CreatedOnToolsVersion = 6.0;
					};
					32C3FEB61DD5116D0051D3F2 = {
						CreatedOnToolsVersion = 6.0;
						TestTargetID = 32C3FE9D1DD5116D0051D3F2;
					};
				};
			};
			buildConfigurationList = 32C3FE991DD5116D0051D3F2 /* Build configuration list for PBXProject "pdfmarta" */;
			compatibilityVersion = "Xcode 3.2";
			developmentRegion = English;
			hasScannedForEncodings = 0;
			knownRegions = (
				en,
				Base,
			);
			mainGroup = 32C3FE951DD5116D0051D3F2;
			productRefGroup = 32C3FE9F1DD5116D0051D3F2 /* Products */;
			projectDirPath = "";
			projectRoot = "";
			targets = (
				32C3FE9D1DD5116D0051D3F2 /* pdfmarta */,
				32C3FEB61DD5116D0051D3F2 /* pdfmartaTests */,
			);
		};
/* End PBXProject section */

/* Begin PBXResourcesBuildPhase section */
		32C3FE9C1DD5116D0051D3F2 /* Resources */ = {
			isa = PBXResourcesBuildPhase;
			buildActionMask = 2147483647;
			files = (
				32C3FEB01DD5116D0051D3F2 /* Main.storyboard in Resources */,
				32C3FEB21DD5116D0051D3F2 /* Images.xcassets in Resources */,
			);
			runOnlyForDeploymentPostprocessing = 0;
		};
		32C3FEB51DD5116D0051D3F2 /* Resources */ = {
			isa = PBXResourcesBuildPhase;
			buildActionMask = 2147483647;
			files = (
			);
			runOnlyForDeploymentPostprocessing = 0;
		};
/* End PBXResourcesBuildPhase section */

/* Begin PBXSourcesBuildPhase section */
		32C3FE9A1DD5116D0051D3F2 /* Sources */ = {
			isa = PBXSourcesBuildPhase;
			buildActionMask = 2147483647;
			files = (
				32C3FEAD1DD5116D0051D3F2 /* SecondViewController.m in Sources */,
				32C3FEA71DD5116D0051D3F2 /* AppDelegate.m in Sources */,
				32C3FEAA1DD5116D0051D3F2 /* FirstViewController.m in Sources */,
				32C3FEA41DD5116D0051D3F2 /* main.m in Sources */,
			);
			runOnlyForDeploymentPostprocessing = 0;
		};
		32C3FEB31DD5116D0051D3F2 /* Sources */ = {
			isa = PBXSourcesBuildPhase;
			buildActionMask = 2147483647;
			files = (
				32C3FEBE1DD5116D0051D3F2 /* pdfmartaTests.m in Sources */,
			);
			runOnlyForDeploymentPostprocessing = 0;
		};
/* End PBXSourcesBuildPhase section */

/* Begin PBXTargetDependency section */
		32C3FEB91DD5116D0051D3F2 /* PBXTargetDependency */ = {
			isa = PBXTargetDependency;
			target = 32C3FE9D1DD5116D0051D3F2 /* pdfmarta */;
			targetProxy = 32C3FEB81DD5116D0051D3F2 /* PBXContainerItemProxy */;
		};
/* End PBXTargetDependency section */

/* Begin PBXVariantGroup section */
		32C3FEAE1DD5116D0051D3F2 /* Main.storyboard */ = {
			isa = PBXVariantGroup;
			children = (
				32C3FEAF1DD5116D0051D3F2 /* Base */,
			);
			name = Main.storyboard;
			sourceTree = "<group>";
		};
/* End PBXVariantGroup section */

/* Begin XCBuildConfiguration section */
		32C3FEBF1DD5116D0051D3F2 /* Debug */ = {
			isa = XCBuildConfiguration;
			buildSettings = {
				ALWAYS_SEARCH_USER_PATHS = NO;
				CLANG_CXX_LANGUAGE_STANDARD = "gnu++0x";
				CLANG_CXX_LIBRARY = "libc++";
				CLANG_ENABLE_MODULES = YES;
				CLANG_ENABLE_OBJC_ARC = YES;
				CLANG_WARN_BOOL_CONVERSION = YES;
				CLANG_WARN_CONSTANT_CONVERSION = YES;
				CLANG_WARN_DIRECT_OBJC_ISA_USAGE = YES_ERROR;
				CLANG_WARN_EMPTY_BODY = YES;
				CLANG_WARN_ENUM_CONVERSION = YES;
				CLANG_WARN_INT_CONVERSION = YES;
				CLANG_WARN_OBJC_ROOT_CLASS = YES_ERROR;
				CLANG_WARN_UNREACHABLE_CODE = YES;
				CLANG_WARN__DUPLICATE_METHOD_MATCH = YES;
				"CODE_SIGN_IDENTITY[sdk=iphoneos*]" = "iPhone Developer";
				COPY_PHASE_STRIP = NO;
				ENABLE_STRICT_OBJC_MSGSEND = YES;
				GCC_C_LANGUAGE_STANDARD = gnu99;
				GCC_DYNAMIC_NO_PIC = NO;
				GCC_OPTIMIZATION_LEVEL = 0;
				GCC_PREPROCESSOR_DEFINITIONS = (
					"DEBUG=1",
					"$(inherited)",
				);
				GCC_SYMBOLS_PRIVATE_EXTERN = NO;
				GCC_WARN_64_TO_32_BIT_CONVERSION = YES;
				GCC_WARN_ABOUT_RETURN_TYPE = YES_ERROR;
				GCC_WARN_UNDECLARED_SELECTOR = YES;
				GCC_WARN_UNINITIALIZED_AUTOS = YES_AGGRESSIVE;
				GCC_WARN_UNUSED_FUNCTION = YES;
				GCC_WARN_UNUSED_VARIABLE = YES;
				IPHONEOS_DEPLOYMENT_TARGET = 8.0;
				MTL_ENABLE_DEBUG_INFO = YES;
				ONLY_ACTIVE_ARCH = YES;
				SDKROOT = iphoneos;
				TARGETED_DEVICE_FAMILY = "1,2";
			};
			name = Debug;
		};
		32C3FEC01DD5116D0051D3F2 /* Release */ = {
			isa = XCBuildConfiguration;
			buildSettings = {
				ALWAYS_SEARCH_USER_PATHS = NO;
				CLANG_CXX_LANGUAGE_STANDARD = "gnu++0x";
				CLANG_CXX_LIBRARY = "libc++";
				CLANG_ENABLE_MODULES = YES;
				CLANG_ENABLE_OBJC_ARC = YES;
				CLANG_WARN_BOOL_CONVERSION = YES;
				CLANG_WARN_CONSTANT_CONVERSION = YES;
				CLANG_WARN_DIRECT_OBJC_ISA_USAGE = YES_ERROR;
				CLANG_WARN_EMPTY_BODY = YES;
				CLANG_WARN_ENUM_CONVERSION = YES;
				CLANG_WARN_INT_CONVERSION = YES;
				CLANG_WARN_OBJC_ROOT_CLASS = YES_ERROR;
				CLANG_WARN_UNREACHABLE_CODE = YES;
				CLANG_WARN__DUPLICATE_METHOD_MATCH = YES;
				"CODE_SIGN_IDENTITY[sdk=iphoneos*]" = "iPhone Developer";
				COPY_PHASE_STRIP = YES;
				ENABLE_NS_ASSERTIONS = NO;
				ENABLE_STRICT_OBJC_MSGSEND = YES;
				GCC_C_LANGUAGE_STANDARD = gnu99;
				GCC_WARN_64_TO_32_BIT_CONVERSION = YES;
				GCC_WARN_ABOUT_RETURN_TYPE = YES_ERROR;
				GCC_WARN_UNDECLARED_SELECTOR = YES;
				GCC_WARN_UNINITIALIZED_AUTOS = YES_AGGRESSIVE;
				GCC_WARN_UNUSED_FUNCTION = YES;
				GCC_WARN_UNUSED_VARIABLE = YES;
				IPHONEOS_DEPLOYMENT_TARGET = 8.0;
				MTL_ENABLE_DEBUG_INFO = NO;
				SDKROOT = iphoneos;
				TARGETED_DEVICE_FAMILY = "1,2";
				VALIDATE_PRODUCT = YES;
			};
			name = Release;
		};
		32C3FEC21DD5116D0051D3F2 /* Debug */ = {
			isa = XCBuildConfiguration;
			buildSettings = {
				ASSETCATALOG_COMPILER_APPICON_NAME = AppIcon;
				ASSETCATALOG_COMPILER_LAUNCHIMAGE_NAME = LaunchImage;
				INFOPLIST_FILE = pdfmarta/Info.plist;
				LD_RUNPATH_SEARCH_PATHS = "$(inherited) @executable_path/Frameworks";
				PRODUCT_NAME = "$(TARGET_NAME)";
			};
			name = Debug;
		};
		32C3FEC31DD5116D0051D3F2 /* Release */ = {
			isa = XCBuildConfiguration;
			buildSettings = {
				ASSETCATALOG_COMPILER_APPICON_NAME = AppIcon;
				ASSETCATALOG_COMPILER_LAUNCHIMAGE_NAME = LaunchImage;
				INFOPLIST_FILE = pdfmarta/Info.plist;
				LD_RUNPATH_SEARCH_PATHS = "$(inherited) @executable_path/Frameworks";
				PRODUCT_NAME = "$(TARGET_NAME)";
			};
			name = Release;
		};
		32C3FEC51DD5116D0051D3F2 /* Debug */ = {
			isa = XCBuildConfiguration;
			buildSettings = {
				BUNDLE_LOADER = "$(TEST_HOST)";
				FRAMEWORK_SEARCH_PATHS = (
					"$(SDKROOT)/Developer/Library/Frameworks",
					"$(inherited)",
				);
				GCC_PREPROCESSOR_DEFINITIONS = (
					"DEBUG=1",
					"$(inherited)",
				);
				INFOPLIST_FILE = pdfmartaTests/Info.plist;
				LD_RUNPATH_SEARCH_PATHS = "$(inherited) @executable_path/Frameworks @loader_path/Frameworks";
				PRODUCT_NAME = "$(TARGET_NAME)";
				TEST_HOST = "$(BUILT_PRODUCTS_DIR)/pdfmarta.app/pdfmarta";
			};
			name = Debug;
		};
		32C3FEC61DD5116D0051D3F2 /* Release */ = {
			isa = XCBuildConfiguration;
			buildSettings = {
				BUNDLE_LOADER = "$(TEST_HOST)";
				FRAMEWORK_SEARCH_PATHS = (
					"$(SDKROOT)/Developer/Library/Frameworks",
					"$(inherited)",
				);
				INFOPLIST_FILE = pdfmartaTests/Info.plist;
				LD_RUNPATH_SEARCH_PATHS = "$(inherited) @executable_path/Frameworks @loader_path/Frameworks";
				PRODUCT_NAME = "$(TARGET_NAME)";
				TEST_HOST = "$(BUILT_PRODUCTS_DIR)/pdfmarta.app/pdfmarta";
			};
			name = Release;
		};
/* End XCBuildConfiguration section */

/* Begin XCConfigurationList section */
		32C3FE991DD5116D0051D3F2 /* Build configuration list for PBXProject "pdfmarta" */ = {
			isa = XCConfigurationList;
			buildConfigurations = (
				32C3FEBF1DD5116D0051D3F2 /* Debug */,
				32C3FEC01DD5116D0051D3F2 /* Release */,
			);
			defaultConfigurationIsVisible = 0;
			defaultConfigurationName = Release;
		};
		32C3FEC11DD5116D0051D3F2 /* Build configuration list for PBXNativeTarget "pdfmarta" */ = {
			isa = XCConfigurationList;
			buildConfigurations = (
				32C3FEC21DD5116D0051D3F2 /* Debug */,
				32C3FEC31DD5116D0051D3F2 /* Release */,
			);
			defaultConfigurationIsVisible = 0;
		};
		32C3FEC41DD5116D0051D3F2 /* Build configuration list for PBXNativeTarget "pdfmartaTests" */ = {
			isa = XCConfigurationList;
			buildConfigurations = (
				32C3FEC51DD5116D0051D3F2 /* Debug */,
				32C3FEC61DD5116D0051D3F2 /* Release */,
			);
			defaultConfigurationIsVisible = 0;
		};
/* End XCConfigurationList section */
	};
	rootObject = 32C3FE961DD5116D0051D3F2 /* Project object */;
}
